
Microsoft Visual Studio Solution File, Format Version 12.00
# Visual Studio Version 17
VisualStudioVersion = 17.6.33927.249
MinimumVisualStudioVersion = 10.0.40219.1
Project("{9A19103F-16F7-4668-BE54-9A1E7A4F7556}") = "WEP_API_002", "WEP_API_002.csproj", "{C0BF15FA-A587-408B-B15E-E0A9BF4ECA5E}"
EndProject
Project("{9A19103F-16F7-4668-BE54-9A1E7A4F7556}") = "Sevices", "..\Sevices\Sevices.csproj", "{E878948C-0251-4E91-9B36-6DAB52BE3C20}"
EndProject
Project("{9A19103F-16F7-4668-BE54-9A1E7A4F7556}") = "Domain", "..\Domain\Domain.csproj", "{758201CB-5525-4AA3-8B25-6AC17D3EE04C}"
EndProject
Project("{2150E333-8FDC-42A3-9474-1A3956D46DE8}") = "ex", "ex", "{6CFF9869-3D81-411B-AFD4-E9F9D6DBEC43}"
EndProject
Global
	GlobalSection(SolutionConfigurationPlatforms) = preSolution
		Debug|Any CPU = Debug|Any CPU
		Release|Any CPU = Release|Any CPU
	EndGlobalSection
	GlobalSection(ProjectConfigurationPlatforms) = postSolution
		{C0BF15FA-A587-408B-B15E-E0A9BF4ECA5E}.Debug|Any CPU.ActiveCfg = Debug|Any CPU
		{C0BF15FA-A587-408B-B15E-E0A9BF4ECA5E}.Debug|Any CPU.Build.0 = Debug|Any CPU
		{C0BF15FA-A587-408B-B15E-E0A9BF4ECA5E}.Release|Any CPU.ActiveCfg = Release|Any CPU
		{C0BF15FA-A587-408B-B15E-E0A9BF4ECA5E}.Release|Any CPU.Build.0 = Release|Any CPU
		{E878948C-0251-4E91-9B36-6DAB52BE3C20}.Debug|Any CPU.ActiveCfg = Debug|Any CPU
		{E878948C-0251-4E91-9B36-6DAB52BE3C20}.Debug|Any CPU.Build.0 = Debug|Any CPU
		{E878948C-0251-4E91-9B36-6DAB52BE3C20}.Release|Any CPU.ActiveCfg = Release|Any CPU
		{E878948C-0251-4E91-9B36-6DAB52BE3C20}.Release|Any CPU.Build.0 = Release|Any CPU
		{758201CB-5525-4AA3-8B25-6AC17D3EE04C}.Debug|Any CPU.ActiveCfg = Debug|Any CPU
		{758201CB-5525-4AA3-8B25-6AC17D3EE04C}.Debug|Any CPU.Build.0 = Debug|Any CPU
		{758201CB-5525-4AA3-8B25-6AC17D3EE04C}.Release|Any CPU.ActiveCfg = Release|Any CPU
		{758201CB-5525-4AA3-8B25-6AC17D3EE04C}.Release|Any CPU.Build.0 = Release|Any CPU
	EndGlobalSection
	GlobalSection(SolutionProperties) = preSolution
		HideSolutionNode = FALSE
	EndGlobalSection
	GlobalSection(NestedProjects) = preSolution
		{C0BF15FA-A587-408B-B15E-E0A9BF4ECA5E} = {6CFF9869-3D81-411B-AFD4-E9F9D6DBEC43}
		{E878948C-0251-4E91-9B36-6DAB52BE3C20} = {6CFF9869-3D81-411B-AFD4-E9F9D6DBEC43}
		{758201CB-5525-4AA3-8B25-6AC17D3EE04C} = {6CFF9869-3D81-411B-AFD4-E9F9D6DBEC43}
	EndGlobalSection
	GlobalSection(ExtensibilityGlobals) = postSolution
		SolutionGuid = {CAF8D4BD-BFEF-4E31-96A5-6C11C91055D0}
	EndGlobalSection
EndGlobal
